name: Refresh PR 41 lockfile

on:
  push:
    branches:
      - agent/issue-37-focus-hfr

permissions:
  contents: write

jobs:
  refresh-lock:
    runs-on: ubuntu-latest
    steps:
      - uses: actions/checkout@v4
      - uses: actions/setup-python@v5
        with:
          python-version: "3.11"
      - name: Install uv
        run: python -m pip install uv
      - name: Refresh lockfile
        run: uv lock
      - name: Commit refreshed lockfile if needed
        run: |
          if ! git diff --quiet -- uv.lock; then
            git config user.name "github-actions[bot]"
            git config user.email "41898282+github-actions[bot]@users.noreply.github.com"
            git add uv.lock
            git commit -m "chore: refresh uv lock"
            git push origin HEAD:${GITHUB_REF_NAME}
          fi
